
Microsoft Visual Studio Solution File, Format Version 12.00
# Visual Studio Version 17
VisualStudioVersion = 17.0.31903.59
MinimumVisualStudioVersion = 10.0.40219.1
Project("{2150E333-8FDC-42A3-9474-1A3956D46DE8}") = "src", "src", "{827E0CD3-B72D-47B6-A68D-7590B98EB39B}"
EndProject
Project("{FAE04EC0-301F-11D3-BF4B-00C04F79EFBC}") = "Tendo.Game", "src\Tendo.Game\Tendo.Game.csproj", "{EADA70D0-1206-4881-A570-A493377D9B85}"
EndProject
Project("{FAE04EC0-301F-11D3-BF4B-00C04F79EFBC}") = "Tendo.Data", "src\Tendo.Data\Tendo.Data.csproj", "{F8E67968-B655-45DC-9CA7-542414A36F99}"
EndProject
Project("{FAE04EC0-301F-11D3-BF4B-00C04F79EFBC}") = "Tendo.Bot", "src\Tendo.Bot\Tendo.Bot.csproj", "{6E4319FC-0F7B-48A9-A548-B6CE5595F410}"
EndProject
Project("{2150E333-8FDC-42A3-9474-1A3956D46DE8}") = "tests", "tests", "{0AB3BF05-4346-4AA6-1389-037BE0695223}"
EndProject
Project("{FAE04EC0-301F-11D3-BF4B-00C04F79EFBC}") = "Tendo.Game.Tests", "tests\Tendo.Game.Tests\Tendo.Game.Tests.csproj", "{A645B0F0-C7AC-4B08-807C-7CA890A7A53C}"
EndProject
Project("{FAE04EC0-301F-11D3-BF4B-00C04F79EFBC}") = "Tendo.Data.Tests", "tests\Tendo.Data.Tests\Tendo.Data.Tests.csproj", "{AF0648FB-8260-4CA3-97AE-27E379678E85}"
EndProject
Project("{FAE04EC0-301F-11D3-BF4B-00C04F79EFBC}") = "Tendo.Bot.Tests", "tests\Tendo.Bot.Tests\Tendo.Bot.Tests.csproj", "{5797F1F7-C284-4F66-A608-FD3F65934B9F}"
EndProject
Global
	GlobalSection(SolutionConfigurationPlatforms) = preSolution
		Debug|Any CPU = Debug|Any CPU
		Debug|x64 = Debug|x64
		Debug|x86 = Debug|x86
		Release|Any CPU = Release|Any CPU
		Release|x64 = Release|x64
		Release|x86 = Release|x86
	EndGlobalSection
	GlobalSection(ProjectConfigurationPlatforms) = postSolution
		{EADA70D0-1206-4881-A570-A493377D9B85}.Debug|Any CPU.ActiveCfg = Debug|Any CPU
		{EADA70D0-1206-4881-A570-A493377D9B85}.Debug|Any CPU.Build.0 = Debug|Any CPU
		{EADA70D0-1206-4881-A570-A493377D9B85}.Debug|x64.ActiveCfg = Debug|Any CPU
		{EADA70D0-1206-4881-A570-A493377D9B85}.Debug|x64.Build.0 = Debug|Any CPU
		{EADA70D0-1206-4881-A570-A493377D9B85}.Debug|x86.ActiveCfg = Debug|Any CPU
		{EADA70D0-1206-4881-A570-A493377D9B85}.Debug|x86.Build.0 = Debug|Any CPU
		{EADA70D0-1206-4881-A570-A493377D9B85}.Release|Any CPU.ActiveCfg = Release|Any CPU
		{EADA70D0-1206-4881-A570-A493377D9B85}.Release|Any CPU.Build.0 = Release|Any CPU
		{EADA70D0-1206-4881-A570-A493377D9B85}.Release|x64.ActiveCfg = Release|Any CPU
		{EADA70D0-1206-4881-A570-A493377D9B85}.Release|x64.Build.0 = Release|Any CPU
		{EADA70D0-1206-4881-A570-A493377D9B85}.Release|x86.ActiveCfg = Release|Any CPU
		{EADA70D0-1206-4881-A570-A493377D9B85}.Release|x86.Build.0 = Release|Any CPU
		{F8E67968-B655-45DC-9CA7-542414A36F99}.Debug|Any CPU.ActiveCfg = Debug|Any CPU
		{F8E67968-B655-45DC-9CA7-542414A36F99}.Debug|Any CPU.Build.0 = Debug|Any CPU
		{F8E67968-B655-45DC-9CA7-542414A36F99}.Debug|x64.ActiveCfg = Debug|Any CPU
		{F8E67968-B655-45DC-9CA7-542414A36F99}.Debug|x64.Build.0 = Debug|Any CPU
		{F8E67968-B655-45DC-9CA7-542414A36F99}.Debug|x86.ActiveCfg = Debug|Any CPU
		{F8E67968-B655-45DC-9CA7-542414A36F99}.Debug|x86.Build.0 = Debug|Any CPU
		{F8E67968-B655-45DC-9CA7-542414A36F99}.Release|Any CPU.ActiveCfg = Release|Any CPU
		{F8E67968-B655-45DC-9CA7-542414A36F99}.Release|Any CPU.Build.0 = Release|Any CPU
		{F8E67968-B655-45DC-9CA7-542414A36F99}.Release|x64.ActiveCfg = Release|Any CPU
		{F8E67968-B655-45DC-9CA7-542414A36F99}.Release|x64.Build.0 = Release|Any CPU
		{F8E67968-B655-45DC-9CA7-542414A36F99}.Release|x86.ActiveCfg = Release|Any CPU
		{F8E67968-B655-45DC-9CA7-542414A36F99}.Release|x86.Build.0 = Release|Any CPU
		{6E4319FC-0F7B-48A9-A548-B6CE5595F410}.Debug|Any CPU.ActiveCfg = Debug|Any CPU
		{6E4319FC-0F7B-48A9-A548-B6CE5595F410}.Debug|Any CPU.Build.0 = Debug|Any CPU
		{6E4319FC-0F7B-48A9-A548-B6CE5595F410}.Debug|x64.ActiveCfg = Debug|Any CPU
		{6E4319FC-0F7B-48A9-A548-B6CE5595F410}.Debug|x64.Build.0 = Debug|Any CPU
		{6E4319FC-0F7B-48A9-A548-B6CE5595F410}.Debug|x86.ActiveCfg = Debug|Any CPU
		{6E4319FC-0F7B-48A9-A548-B6CE5595F410}.Debug|x86.Build.0 = Debug|Any CPU
		{6E4319FC-0F7B-48A9-A548-B6CE5595F410}.Release|Any CPU.ActiveCfg = Release|Any CPU
		{6E4319FC-0F7B-48A9-A548-B6CE5595F410}.Release|Any CPU.Build.0 = Release|Any CPU
		{6E4319FC-0F7B-48A9-A548-B6CE5595F410}.Release|x64.ActiveCfg = Release|Any CPU
		{6E4319FC-0F7B-48A9-A548-B6CE5595F410}.Release|x64.Build.0 = Release|Any CPU
		{6E4319FC-0F7B-48A9-A548-B6CE5595F410}.Release|x86.ActiveCfg = Release|Any CPU
		{6E4319FC-0F7B-48A9-A548-B6CE5595F410}.Release|x86.Build.0 = Release|Any CPU
		{A645B0F0-C7AC-4B08-807C-7CA890A7A53C}.Debug|Any CPU.ActiveCfg = Debug|Any CPU
		{A645B0F0-C7AC-4B08-807C-7CA890A7A53C}.Debug|Any CPU.Build.0 = Debug|Any CPU
		{A645B0F0-C7AC-4B08-807C-7CA890A7A53C}.Debug|x64.ActiveCfg = Debug|Any CPU
		{A645B0F0-C7AC-4B08-807C-7CA890A7A53C}.Debug|x64.Build.0 = Debug|Any CPU
		{A645B0F0-C7AC-4B08-807C-7CA890A7A53C}.Debug|x86.ActiveCfg = Debug|Any CPU
		{A645B0F0-C7AC-4B08-807C-7CA890A7A53C}.Debug|x86.Build.0 = Debug|Any CPU
		{A645B0F0-C7AC-4B08-807C-7CA890A7A53C}.Release|Any CPU.ActiveCfg = Release|Any CPU
		{A645B0F0-C7AC-4B08-807C-7CA890A7A53C}.Release|Any CPU.Build.0 = Release|Any CPU
		{A645B0F0-C7AC-4B08-807C-7CA890A7A53C}.Release|x64.ActiveCfg = Release|Any CPU
		{A645B0F0-C7AC-4B08-807C-7CA890A7A53C}.Release|x64.Build.0 = Release|Any CPU
		{A645B0F0-C7AC-4B08-807C-7CA890A7A53C}.Release|x86.ActiveCfg = Release|Any CPU
		{A645B0F0-C7AC-4B08-807C-7CA890A7A53C}.Release|x86.Build.0 = Release|Any CPU
		{AF0648FB-8260-4CA3-97AE-27E379678E85}.Debug|Any CPU.ActiveCfg = Debug|Any CPU
		{AF0648FB-8260-4CA3-97AE-27E379678E85}.Debug|Any CPU.Build.0 = Debug|Any CPU
		{AF0648FB-8260-4CA3-97AE-27E379678E85}.Debug|x64.ActiveCfg = Debug|Any CPU
		{AF0648FB-8260-4CA3-97AE-27E379678E85}.Debug|x64.Build.0 = Debug|Any CPU
		{AF0648FB-8260-4CA3-97AE-27E379678E85}.Debug|x86.ActiveCfg = Debug|Any CPU
		{AF0648FB-8260-4CA3-97AE-27E379678E85}.Debug|x86.Build.0 = Debug|Any CPU
		{AF0648FB-8260-4CA3-97AE-27E379678E85}.Release|Any CPU.ActiveCfg = Release|Any CPU
		{AF0648FB-8260-4CA3-97AE-27E379678E85}.Release|Any CPU.Build.0 = Release|Any CPU
		{AF0648FB-8260-4CA3-97AE-27E379678E85}.Release|x64.ActiveCfg = Release|Any CPU
		{AF0648FB-8260-4CA3-97AE-27E379678E85}.Release|x64.Build.0 = Release|Any CPU
		{AF0648FB-8260-4CA3-97AE-27E379678E85}.Release|x86.ActiveCfg = Release|Any CPU
		{AF0648FB-8260-4CA3-97AE-27E379678E85}.Release|x86.Build.0 = Release|Any CPU
		{5797F1F7-C284-4F66-A608-FD3F65934B9F}.Debug|Any CPU.ActiveCfg = Debug|Any CPU
		{5797F1F7-C284-4F66-A608-FD3F65934B9F}.Debug|Any CPU.Build.0 = Debug|Any CPU
		{5797F1F7-C284-4F66-A608-FD3F65934B9F}.Debug|x64.ActiveCfg = Debug|Any CPU
		{5797F1F7-C284-4F66-A608-FD3F65934B9F}.Debug|x64.Build.0 = Debug|Any CPU
		{5797F1F7-C284-4F66-A608-FD3F65934B9F}.Debug|x86.ActiveCfg = Debug|Any CPU
		{5797F1F7-C284-4F66-A608-FD3F65934B9F}.Debug|x86.Build.0 = Debug|Any CPU
		{5797F1F7-C284-4F66-A608-FD3F65934B9F}.Release|Any CPU.ActiveCfg = Release|Any CPU
		{5797F1F7-C284-4F66-A608-FD3F65934B9F}.Release|Any CPU.Build.0 = Release|Any CPU
		{5797F1F7-C284-4F66-A608-FD3F65934B9F}.Release|x64.ActiveCfg = Release|Any CPU
		{5797F1F7-C284-4F66-A608-FD3F65934B9F}.Release|x64.Build.0 = Release|Any CPU
		{5797F1F7-C284-4F66-A608-FD3F65934B9F}.Release|x86.ActiveCfg = Release|Any CPU
		{5797F1F7-C284-4F66-A608-FD3F65934B9F}.Release|x86.Build.0 = Release|Any CPU
	EndGlobalSection
	GlobalSection(SolutionProperties) = preSolution
		HideSolutionNode = FALSE
	EndGlobalSection
	GlobalSection(NestedProjects) = preSolution
		{EADA70D0-1206-4881-A570-A493377D9B85} = {827E0CD3-B72D-47B6-A68D-7590B98EB39B}
		{F8E67968-B655-45DC-9CA7-542414A36F99} = {827E0CD3-B72D-47B6-A68D-7590B98EB39B}
		{6E4319FC-0F7B-48A9-A548-B6CE5595F410} = {827E0CD3-B72D-47B6-A68D-7590B98EB39B}
		{A645B0F0-C7AC-4B08-807C-7CA890A7A53C} = {0AB3BF05-4346-4AA6-1389-037BE0695223}
		{AF0648FB-8260-4CA3-97AE-27E379678E85} = {0AB3BF05-4346-4AA6-1389-037BE0695223}
		{5797F1F7-C284-4F66-A608-FD3F65934B9F} = {0AB3BF05-4346-4AA6-1389-037BE0695223}
	EndGlobalSection
EndGlobal
